{
  "version": 2,
  "dependencies": {
    "net10.0": {
      "Sep": {
        "type": "Direct",
        "requested": "[0.*, )",
        "resolved": "0.12.2",
        "contentHash": "6zIz3NiZn2VLlzr28BcWMfCrTxeLQvNKHj8C2+7pXe3/QrCczAYLs0yc1c7MemSjkBN7zYOknL5utwWKG+tIyQ==",
        "dependencies": {
          "csFastFloat": "4.1.5"
        }
      },
      "csFastFloat": {
        "type": "Transitive",
        "resolved": "4.1.5",
        "contentHash": "TugPHQzrbr2iruO8lshMekUXoFIyBOZQLqNCwQF6BHv4FE6mBeMa41pj5cXW6FKlk9uHypIAAy4UmTFivWFjPA=="
      },
      "Microsoft.Extensions.Localization.Abstractions": {
        "type": "Transitive",
        "resolved": "10.0.3",
        "contentHash": "GkJqsJuyzNYALUzQCv5K+NQpzQHagEBCxSXVPnhEF/ieIC6IEgCiA7nm/V8vw0ldLpF2S8GUE26IPX2P7Xhq0A=="
      },
      "Microsoft.Extensions.Logging.Abstractions": {
        "type": "Transitive",
        "resolved": "10.0.3",
        "contentHash": "lxl0WLk7ROgBFAsjcOYjQ8/DVK+VMszxGBzUhgtQmAsTNldLL5pk9NG/cWTsXHq0lUhUEAtZkEE7jOGOA8bGKQ==",
        "dependencies": {
          "Microsoft.Extensions.DependencyInjection.Abstractions": "10.0.3"
        }
      },
      "Microsoft.Extensions.Primitives": {
        "type": "Transitive",
        "resolved": "10.0.3",
        "contentHash": "GEcpTwo7sUoLGGNTqV1FZEuL+tTD9m81NX/mh099dqGNna07/UGZShKQNZRw4hv6nlliSUwYQgSYc7OR99Jufg=="
      },
      "ZString": {
        "type": "Transitive",
        "resolved": "2.6.0",
        "contentHash": "XE8a+11nZg0LRaf+RGABEWaHIf8yGd5w8v/Ra1iWxMBmAVzwuKbW7G21mS0U7w7sh1lYcgckInWGgnz4qyET8A=="
      },
      "granit.core": {
        "type": "Project"
      },
      "granit.dataexchange": {
        "type": "Project",
        "dependencies": {
          "Granit.Querying": "[0.1.0-dev, )",
          "Granit.Timing": "[0.1.0-dev, )",
          "Granit.Validation": "[0.1.0-dev, )"
        }
      },
      "granit.exceptionhandling": {
        "type": "Project",
        "dependencies": {
          "Granit.Core": "[0.1.0-dev, )"
        }
      },
      "granit.localization": {
        "type": "Project",
        "dependencies": {
          "Granit.Core": "[0.1.0-dev, )",
          "Microsoft.Extensions.Caching.Memory": "[10.*, )",
          "Microsoft.Extensions.Localization": "[10.*, )",
          "Microsoft.Extensions.Options": "[10.*, )",
          "SmartFormat": "[3.*, )"
        }
      },
      "granit.querying": {
        "type": "Project",
        "dependencies": {
          "Granit.Core": "[0.1.0-dev, )"
        }
      },
      "granit.timing": {
        "type": "Project",
        "dependencies": {
          "Granit.Core": "[0.1.0-dev, )",
          "Microsoft.Extensions.DependencyInjection.Abstractions": "[10.*, )",
          "Microsoft.Extensions.Options": "[10.*, )"
        }
      },
      "granit.validation": {
        "type": "Project",
        "dependencies": {
          "FluentValidation": "[12.*, )",
          "Granit.ExceptionHandling": "[0.1.0-dev, )",
          "Granit.Localization": "[0.1.0-dev, )"
        }
      },
      "FluentValidation": {
        "type": "CentralTransitive",
        "requested": "[12.*, )",
        "resolved": "12.1.1",
        "contentHash": "EPpkIe1yh1a0OXyC100oOA8WMbZvqUu5plwhvYcb7oSELfyUZzfxV48BLhvs3kKo4NwG7MGLNgy1RJiYtT8Dpw=="
      },
      "Microsoft.Extensions.Caching.Abstractions": {
        "type": "CentralTransitive",
        "requested": "[10.*, )",
        "resolved": "10.0.3",
        "contentHash": "5dtXBvI8t3z8pF4tB38JYgi/enCL/DwSXxpqShgFz3SHJ7IzqFIMs6Gu5ik8sNZzcO9qQs3xIDpB3vDamkYG+Q==",
        "dependencies": {
          "Microsoft.Extensions.Primitives": "10.0.3"
        }
      },
      "Microsoft.Extensions.Caching.Memory": {
        "type": "CentralTransitive",
        "requested": "[10.*, )",
        "resolved": "10.0.3",
        "contentHash": "No4fVh0z30SWqiWFRoA4PNdrEco6OjXvCqRFvlmRgDQqqks2bRDdeavUgWEiAX153ZAwW9loUgbxcvuP4NKQLg==",
        "dependencies": {
          "Microsoft.Extensions.Caching.Abstractions": "10.0.3",
          "Microsoft.Extensions.DependencyInjection.Abstractions": "10.0.3",
          "Microsoft.Extensions.Logging.Abstractions": "10.0.3",
          "Microsoft.Extensions.Options": "10.0.3",
          "Microsoft.Extensions.Primitives": "10.0.3"
        }
      },
      "Microsoft.Extensions.DependencyInjection.Abstractions": {
        "type": "CentralTransitive",
        "requested": "[10.*, )",
        "resolved": "10.0.3",
        "contentHash": "bwGMrRcAMWx2s/RDgja97p27rxSz2pEQW0+rX5cWAUWVETVJ/eyxGfjAl8vuG5a+lckWmPIE+vcuaZNVB5YDdw=="
      },
      "Microsoft.Extensions.Localization": {
        "type": "CentralTransitive",
        "requested": "[10.*, )",
        "resolved": "10.0.3",
        "contentHash": "IKaMZ30I+Q/hi3vapU5LnTR2OsnPL26zc1Np/uqfAaSSK4t+kqGkhXEfTlELtt0OMOocINCxH9jVFQ5bYAmQAg==",
        "dependencies": {
          "Microsoft.Extensions.DependencyInjection.Abstractions": "10.0.3",
          "Microsoft.Extensions.Localization.Abstractions": "10.0.3",
          "Microsoft.Extensions.Logging.Abstractions": "10.0.3",
          "Microsoft.Extensions.Options": "10.0.3"
        }
      },
      "Microsoft.Extensions.Options": {
        "type": "CentralTransitive",
        "requested": "[10.*, )",
        "resolved": "10.0.3",
        "contentHash": "hU6WzGTPvPoLA2ng1ILvWQb3g0qORdlHNsxI8IcPLumJb3suimYUl+bbDzdo1V4KFsvVhnMWzysHpKbZaoDQPQ==",
        "dependencies": {
          "Microsoft.Extensions.DependencyInjection.Abstractions": "10.0.3",
          "Microsoft.Extensions.Primitives": "10.0.3"
        }
      },
      "SmartFormat": {
        "type": "CentralTransitive",
        "requested": "[3.*, )",
        "resolved": "3.6.1",
        "contentHash": "URa4c3DJcP8B+WNK3jd1AyuBAXmyRKEwTifzJOLeZ9Vud5PcQTGzBG5XkyhebD4tYj+VdyHwwjeBtgwJSIig9A==",
        "dependencies": {
          "ZString": "2.6.0"
        }
      }
    }
  }
}