{
  "version": 2,
  "dependencies": {
    "net10.0": {
      "Microsoft.AspNetCore.OpenApi": {
        "type": "Direct",
        "requested": "[10.*, )",
        "resolved": "10.0.3",
        "contentHash": "SAvSrKDgnY5GDjDAngOXxPhUvEKlTU/0zIq8zidqHvh/xnZBPs0Vc4LqwyvnmnafNnyUaivtRABz4K4wodXfSg==",
        "dependencies": {
          "Microsoft.OpenApi": "2.0.0"
        }
      },
      "Scalar.AspNetCore": {
        "type": "Direct",
        "requested": "[2.*, )",
        "resolved": "2.13.2",
        "contentHash": "/FTdSYDnWJHPCuPtGE6WXsiy6Mj1iAhT0N4hVqe5mnsxqKrqgX3QQItdjB+25WAcyBLRfuoci7o286KB72dLcw=="
      },
      "Asp.Versioning.Abstractions": {
        "type": "Transitive",
        "resolved": "10.0.0-preview.1",
        "contentHash": "mO7KcQU0kAjaEy1DVfBaIX2T/Uszc856nLaxKeWfvUmepm9qsIwGTqIY733CR/rkxXybve/q55ypFvmo+a3ypA=="
      },
      "Asp.Versioning.Http": {
        "type": "Transitive",
        "resolved": "10.0.0-preview.1",
        "contentHash": "lPiWnQNW/RSfkMMi0of18tvCAMW9Kwxv2+EgPDzOh5xHEvF906qvYdFTSZ50hRhjXjjEBS2xQT6UiqAxtKXK5Q==",
        "dependencies": {
          "Asp.Versioning.Abstractions": "10.0.0-preview.1"
        }
      },
      "Microsoft.OpenApi": {
        "type": "Transitive",
        "resolved": "2.0.0",
        "contentHash": "GGYLfzV/G/ct80OZ45JxnWP7NvMX1BCugn/lX7TH5o0lcVaviavsLMTxmFV2AybXWjbi3h6FF1vgZiTK6PXndw=="
      },
      "granit.apiversioning": {
        "type": "Project",
        "dependencies": {
          "Asp.Versioning.Mvc": "[10.0.0-preview.*, )",
          "Asp.Versioning.Mvc.ApiExplorer": "[10.0.0-preview.*, )",
          "Granit.Core": "[0.1.0-dev, )"
        }
      },
      "granit.core": {
        "type": "Project"
      },
      "granit.security": {
        "type": "Project",
        "dependencies": {
          "Granit.Core": "[0.1.0-dev, )"
        }
      },
      "Asp.Versioning.Mvc": {
        "type": "CentralTransitive",
        "requested": "[10.0.0-preview.*, )",
        "resolved": "10.0.0-preview.1",
        "contentHash": "Z1LJBsk4ZC0IXxE07vAUEjl1/hC1K8ygKSYdPWBZ18dD0Dwt+19PkDsbOc9RDVTjZj1sSymWZf436aKfUanSmQ==",
        "dependencies": {
          "Asp.Versioning.Http": "10.0.0-preview.1"
        }
      },
      "Asp.Versioning.Mvc.ApiExplorer": {
        "type": "CentralTransitive",
        "requested": "[10.0.0-preview.*, )",
        "resolved": "10.0.0-preview.1",
        "contentHash": "C0Zuk9BV8nhvi4l579pzbsmn3UuQdnXtnjJigzjG8oiS1FCTRvR4RCDk/nZn5jmUDmIlmY6RO+MocVIjaw3mGA==",
        "dependencies": {
          "Asp.Versioning.Mvc": "10.0.0-preview.1"
        }
      }
    }
  }
}