{
  "version": 2,
  "dependencies": {
    "net10.0": {
      "Microsoft.Extensions.Caching.Hybrid": {
        "type": "Direct",
        "requested": "[10.*, )",
        "resolved": "10.3.0",
        "contentHash": "M64quRgc0tSGs8aTj7XNr0sm4nsoqNuAaDDUohC2UGEPyMt3jhW4dHcCUUk/UBYfj+XPWDeycbDIUsdIO5mShw=="
      },
      "Pipelines.Sockets.Unofficial": {
        "type": "Transitive",
        "resolved": "2.2.8",
        "contentHash": "zG2FApP5zxSx6OcdJQLbZDk2AVlN2BNQD6MorwIfV6gVj0RRxWPEp2LXAxqDGZqeNV1Zp0BNPcNaey/GXmTdvQ=="
      },
      "System.IO.Hashing": {
        "type": "Transitive",
        "resolved": "10.0.2",
        "contentHash": "AKJknIFi9O3+rGExxTry188JPvUoZAPcCtS2qdqyFhIzsxQ1Ap94BeGDG0VzVEHakhmRxmJtVih6TsHoghIt/g=="
      },
      "granit.caching": {
        "type": "Project",
        "dependencies": {
          "Granit.Core": "[0.1.0-dev, )"
        }
      },
      "granit.caching.hybrid": {
        "type": "Project",
        "dependencies": {
          "Granit.Caching": "[0.1.0-dev, )",
          "Granit.Caching.StackExchangeRedis": "[0.1.0-dev, )",
          "Microsoft.Extensions.Caching.Hybrid": "[10.*, )"
        }
      },
      "granit.caching.stackexchangeredis": {
        "type": "Project",
        "dependencies": {
          "Granit.Caching": "[0.1.0-dev, )",
          "Microsoft.Extensions.Caching.StackExchangeRedis": "[10.*, )",
          "StackExchange.Redis": "[2.*, )"
        }
      },
      "granit.core": {
        "type": "Project"
      },
      "granit.multitenancy": {
        "type": "Project",
        "dependencies": {
          "Granit.Core": "[0.1.0-dev, )"
        }
      },
      "Microsoft.Extensions.Caching.StackExchangeRedis": {
        "type": "CentralTransitive",
        "requested": "[10.*, )",
        "resolved": "10.0.3",
        "contentHash": "DarGypNFuSCH6J6N/aMos3X+XuIGz0IvazZLoy8SXe8jKWuzdqvxyrop1CPzv/oYPLbQkt1twEoaWr7arLBe3w==",
        "dependencies": {
          "StackExchange.Redis": "2.7.27"
        }
      },
      "StackExchange.Redis": {
        "type": "CentralTransitive",
        "requested": "[2.*, )",
        "resolved": "2.11.3",
        "contentHash": "/Uxwsyue5f4bXRRmV/apNNTWkrvVYQZnhYiPJJaUJpBuiAsyGxo4mGoXE4QFnzivV9vvH1cc5DjjnsLi69nd2Q==",
        "dependencies": {
          "Pipelines.Sockets.Unofficial": "2.2.8",
          "System.IO.Hashing": "10.0.2"
        }
      }
    }
  }
}