{
  "version": 2,
  "dependencies": {
    "net10.0": {
      "Magick.NET-Q8-AnyCPU": {
        "type": "Direct",
        "requested": "[14.*, )",
        "resolved": "14.10.4",
        "contentHash": "CHUcm/MLCHr/gSYjhfroNU6344aYQICLD3u7wTb4Uii0eCQ/NMEV/XB28DO/hULcLWqOcdk69NDgta61vjhmqw==",
        "dependencies": {
          "Magick.NET.Core": "14.10.4"
        }
      },
      "Microsoft.CodeAnalysis.BannedApiAnalyzers": {
        "type": "Direct",
        "requested": "[3.*, )",
        "resolved": "3.3.4",
        "contentHash": "0k2Jwpc8eq0hjOtX6TxRkHm9clkJ2PAQ3heEHgqIJZcsfdFosC/iyz18nsgTVDDWpID80rC7aiYK7ripx+Qndg=="
      },
      "Magick.NET.Core": {
        "type": "Transitive",
        "resolved": "14.10.4",
        "contentHash": "2OvmKkpHoe3f8LlhngRSrRb2f4uB2AAc5MNT0aDW97SMdpkpWYnKG1zaeCaU0dmBp4FaZ0/FawhcalaOOlgbng=="
      },
      "granit.core": {
        "type": "Project"
      },
      "granit.imaging": {
        "type": "Project",
        "dependencies": {
          "Granit.Core": "[0.1.0-dev, )",
          "Microsoft.Extensions.DependencyInjection.Abstractions": "[10.*, )"
        }
      },
      "Microsoft.Extensions.DependencyInjection.Abstractions": {
        "type": "CentralTransitive",
        "requested": "[10.*, )",
        "resolved": "10.0.3",
        "contentHash": "bwGMrRcAMWx2s/RDgja97p27rxSz2pEQW0+rX5cWAUWVETVJ/eyxGfjAl8vuG5a+lckWmPIE+vcuaZNVB5YDdw=="
      }
    }
  }
}